
Microsoft Visual Studio Solution File, Format Version 12.00
# Visual Studio 15
VisualStudioVersion = 15.0.26730.15
MinimumVisualStudioVersion = 10.0.40219.1
Project("{FAE04EC0-301F-11D3-BF4B-00C04F79EFBC}") = "LifetimeScopingAutofac", "LifetimeScopingAutofac\LifetimeScopingAutofac.csproj", "{2875C514-59C7-436E-A53F-7988394D8E1F}"
EndProject
Project("{FAE04EC0-301F-11D3-BF4B-00C04F79EFBC}") = "LifeTimeScopingSimpleInjector", "LifeTimeScopingSimpleInjector\LifeTimeScopingSimpleInjector.csproj", "{DD9E7476-EE67-4E61-8036-EE9B1EFA997D}"
EndProject
Project("{FAE04EC0-301F-11D3-BF4B-00C04F79EFBC}") = "Data", "Data\Data.csproj", "{545F1C6A-E8AE-4D81-A6EB-C6DE36FB4623}"
EndProject
Global
	GlobalSection(SolutionConfigurationPlatforms) = preSolution
		Debug|Any CPU = Debug|Any CPU
		Release|Any CPU = Release|Any CPU
	EndGlobalSection
	GlobalSection(ProjectConfigurationPlatforms) = postSolution
		{2875C514-59C7-436E-A53F-7988394D8E1F}.Debug|Any CPU.ActiveCfg = Debug|Any CPU
		{2875C514-59C7-436E-A53F-7988394D8E1F}.Debug|Any CPU.Build.0 = Debug|Any CPU
		{2875C514-59C7-436E-A53F-7988394D8E1F}.Release|Any CPU.ActiveCfg = Release|Any CPU
		{2875C514-59C7-436E-A53F-7988394D8E1F}.Release|Any CPU.Build.0 = Release|Any CPU
		{DD9E7476-EE67-4E61-8036-EE9B1EFA997D}.Debug|Any CPU.ActiveCfg = Debug|Any CPU
		{DD9E7476-EE67-4E61-8036-EE9B1EFA997D}.Debug|Any CPU.Build.0 = Debug|Any CPU
		{DD9E7476-EE67-4E61-8036-EE9B1EFA997D}.Release|Any CPU.ActiveCfg = Release|Any CPU
		{DD9E7476-EE67-4E61-8036-EE9B1EFA997D}.Release|Any CPU.Build.0 = Release|Any CPU
		{545F1C6A-E8AE-4D81-A6EB-C6DE36FB4623}.Debug|Any CPU.ActiveCfg = Debug|Any CPU
		{545F1C6A-E8AE-4D81-A6EB-C6DE36FB4623}.Debug|Any CPU.Build.0 = Debug|Any CPU
		{545F1C6A-E8AE-4D81-A6EB-C6DE36FB4623}.Release|Any CPU.ActiveCfg = Release|Any CPU
		{545F1C6A-E8AE-4D81-A6EB-C6DE36FB4623}.Release|Any CPU.Build.0 = Release|Any CPU
	EndGlobalSection
	GlobalSection(SolutionProperties) = preSolution
		HideSolutionNode = FALSE
	EndGlobalSection
	GlobalSection(ExtensibilityGlobals) = postSolution
		SolutionGuid = {18A6A5D4-DB96-44CC-8333-7EBDAF4A6E74}
	EndGlobalSection
EndGlobal
